
Microsoft Visual Studio Solution File, Format Version 11.00
# Visual Studio 2010
Project("{2150E333-8FDC-42A3-9474-1A3956D46DE8}") = "Solution Items", "Solution Items", "{5C7627C0-CD9C-4270-98AA-028F43503308}"
	ProjectSection(SolutionItems) = preProject
		AppActs.vsmdi = AppActs.vsmdi
		Local.testsettings = Local.testsettings
		Performance1.psess = Performance1.psess
		TraceAndTestImpact.testsettings = TraceAndTestImpact.testsettings
	EndProjectSection
EndProject
Project("{2150E333-8FDC-42A3-9474-1A3956D46DE8}") = "References", "References", "{7DA1977F-5E86-45B0-92EB-493F5354B84A}"
	ProjectSection(SolutionItems) = preProject
		References\AjaxControlToolkit.dll = References\AjaxControlToolkit.dll
		References\AppActs.Core.dll = References\AppActs.Core.dll
		References\AppActs.Mvp.Web.dll = References\AppActs.Mvp.Web.dll
		References\CacheProvider.dll = References\CacheProvider.dll
		References\Castle.Core.dll = References\Castle.Core.dll
		References\Castle.Windsor.dll = References\Castle.Windsor.dll
		References\FluentAssertions.dll = References\FluentAssertions.dll
		References\log4net.dll = References\log4net.dll
		References\Moq.dll = References\Moq.dll
	EndProjectSection
EndProject
Project("{2150E333-8FDC-42A3-9474-1A3956D46DE8}") = "Client", "Client", "{38E3130A-387E-433B-BAB9-0719AEA0C40B}"
EndProject
Project("{2150E333-8FDC-42A3-9474-1A3956D46DE8}") = "API", "API", "{DF5F6659-7979-4CD9-A99D-73586BD432A7}"
EndProject
Project("{FAE04EC0-301F-11D3-BF4B-00C04F79EFBC}") = "AppActs.Client.Service", "AppActs.Client.Service\AppActs.Client.Service.csproj", "{59616C3A-66A9-4C8E-8337-5737A500AADB}"
EndProject
Project("{FAE04EC0-301F-11D3-BF4B-00C04F79EFBC}") = "AppActs.Client.WebSite", "AppActs.Client.WebSite\AppActs.Client.WebSite.csproj", "{66777F9F-73FD-4C09-8BD0-347998E326D8}"
EndProject
Project("{FAE04EC0-301F-11D3-BF4B-00C04F79EFBC}") = "Appacts.Repository", "Appacts.Repository\Appacts.Repository.csproj", "{DF36067C-BD27-4008-B845-BEFEABF4DEAF}"
EndProject
Project("{FAE04EC0-301F-11D3-BF4B-00C04F79EFBC}") = "Appacts.Repository.MSTest", "Appacts.Repository.MSTest\Appacts.Repository.MSTest.csproj", "{4824AC44-1F55-4C95-A5F2-02EAC1DF29CE}"
EndProject
Project("{FAE04EC0-301F-11D3-BF4B-00C04F79EFBC}") = "Appacts.Client.Repository", "Appacts.Client.Repository\Appacts.Client.Repository.csproj", "{D59196C3-5653-47F6-8945-42A2635573FA}"
EndProject
Project("{FAE04EC0-301F-11D3-BF4B-00C04F79EFBC}") = "AppActs.API.Test", "AppActs.API.Test\AppActs.API.Test.csproj", "{1BE838A6-8494-493A-B892-5E1D22387FCD}"
EndProject
Project("{FAE04EC0-301F-11D3-BF4B-00C04F79EFBC}") = "AppActs.Client.Test", "AppActs.Client.Test\AppActs.Client.Test.csproj", "{7A5A86BF-98FF-4486-98EE-283FB0B7A8E2}"
EndProject
Project("{FAE04EC0-301F-11D3-BF4B-00C04F79EFBC}") = "AppActs.API.DataMapper", "AppActs.API.DataMapper\AppActs.API.DataMapper.csproj", "{E9A0E57E-D965-4990-A8C1-E0CC9FD39078}"
EndProject
Project("{FAE04EC0-301F-11D3-BF4B-00C04F79EFBC}") = "AppActs.API.Service", "AppActs.API.Service\AppActs.API.Service.csproj", "{C7F6587E-F62E-4743-B87B-A3B0369FDB33}"
EndProject
Project("{FAE04EC0-301F-11D3-BF4B-00C04F79EFBC}") = "AppActs.API.WebService", "AppActs.API.WebService\AppActs.API.WebService.csproj", "{6D1AE3D8-F17B-4D05-8BC9-1F42323E7B9D}"
EndProject
Project("{FAE04EC0-301F-11D3-BF4B-00C04F79EFBC}") = "AppActs.API.Model", "AppActs.API.Model\AppActs.API.Model.csproj", "{016AD2D3-03C7-484D-96EA-B1ED49BACC19}"
EndProject
Project("{FAE04EC0-301F-11D3-BF4B-00C04F79EFBC}") = "AppActs.Client.Model", "AppActs.Client.Model\AppActs.Client.Model.csproj", "{1CC61FE6-4E96-4790-8709-49B9B0DC39D4}"
EndProject
Project("{FAE04EC0-301F-11D3-BF4B-00C04F79EFBC}") = "AppActs.Model", "AppActs.Model\AppActs.Model.csproj", "{667039A1-F92A-40EB-B430-790F9502BC12}"
EndProject
Project("{FAE04EC0-301F-11D3-BF4B-00C04F79EFBC}") = "Appacts.API.Repository", "Appacts.API.Repository\Appacts.API.Repository.csproj", "{3526564B-AADF-4CD7-8E47-4747C4B3D7BC}"
EndProject
Project("{2150E333-8FDC-42A3-9474-1A3956D46DE8}") = "Misc", "Misc", "{CEBC095C-B2E8-4329-9ED5-15417711FB0B}"
EndProject
Project("{FAE04EC0-301F-11D3-BF4B-00C04F79EFBC}") = "ReportTester", "ReportTester\ReportTester.csproj", "{44B3347B-D39F-4230-8673-62A357D3C7B7}"
EndProject
Global
	GlobalSection(SubversionScc) = preSolution
		Svn-Managed = True
		Manager = AnkhSVN - Subversion Support for Visual Studio
	EndGlobalSection
	GlobalSection(TestCaseManagementSettings) = postSolution
		CategoryFile = AppActs.vsmdi
	EndGlobalSection
	GlobalSection(SolutionConfigurationPlatforms) = preSolution
		Debug|Any CPU = Debug|Any CPU
		Debug|Mixed Platforms = Debug|Mixed Platforms
		Debug|x86 = Debug|x86
		Release|Any CPU = Release|Any CPU
		Release|Mixed Platforms = Release|Mixed Platforms
		Release|x86 = Release|x86
		Test|Any CPU = Test|Any CPU
		Test|Mixed Platforms = Test|Mixed Platforms
		Test|x86 = Test|x86
		TESTING|Any CPU = TESTING|Any CPU
		TESTING|Mixed Platforms = TESTING|Mixed Platforms
		TESTING|x86 = TESTING|x86
	EndGlobalSection
	GlobalSection(ProjectConfigurationPlatforms) = postSolution
		{59616C3A-66A9-4C8E-8337-5737A500AADB}.Debug|Any CPU.ActiveCfg = Debug|Any CPU
		{59616C3A-66A9-4C8E-8337-5737A500AADB}.Debug|Any CPU.Build.0 = Debug|Any CPU
		{59616C3A-66A9-4C8E-8337-5737A500AADB}.Debug|Mixed Platforms.ActiveCfg = Debug|Any CPU
		{59616C3A-66A9-4C8E-8337-5737A500AADB}.Debug|Mixed Platforms.Build.0 = Debug|Any CPU
		{59616C3A-66A9-4C8E-8337-5737A500AADB}.Debug|x86.ActiveCfg = Debug|Any CPU
		{59616C3A-66A9-4C8E-8337-5737A500AADB}.Release|Any CPU.ActiveCfg = Release|Any CPU
		{59616C3A-66A9-4C8E-8337-5737A500AADB}.Release|Any CPU.Build.0 = Release|Any CPU
		{59616C3A-66A9-4C8E-8337-5737A500AADB}.Release|Mixed Platforms.ActiveCfg = Release|Any CPU
		{59616C3A-66A9-4C8E-8337-5737A500AADB}.Release|Mixed Platforms.Build.0 = Release|Any CPU
		{59616C3A-66A9-4C8E-8337-5737A500AADB}.Release|x86.ActiveCfg = Release|Any CPU
		{59616C3A-66A9-4C8E-8337-5737A500AADB}.Test|Any CPU.ActiveCfg = Release|Any CPU
		{59616C3A-66A9-4C8E-8337-5737A500AADB}.Test|Any CPU.Build.0 = Release|Any CPU
		{59616C3A-66A9-4C8E-8337-5737A500AADB}.Test|Mixed Platforms.ActiveCfg = Release|Any CPU
		{59616C3A-66A9-4C8E-8337-5737A500AADB}.Test|Mixed Platforms.Build.0 = Release|Any CPU
		{59616C3A-66A9-4C8E-8337-5737A500AADB}.Test|x86.ActiveCfg = Release|Any CPU
		{59616C3A-66A9-4C8E-8337-5737A500AADB}.TESTING|Any CPU.ActiveCfg = Release|Any CPU
		{59616C3A-66A9-4C8E-8337-5737A500AADB}.TESTING|Any CPU.Build.0 = Release|Any CPU
		{59616C3A-66A9-4C8E-8337-5737A500AADB}.TESTING|Mixed Platforms.ActiveCfg = Release|Any CPU
		{59616C3A-66A9-4C8E-8337-5737A500AADB}.TESTING|Mixed Platforms.Build.0 = Release|Any CPU
		{59616C3A-66A9-4C8E-8337-5737A500AADB}.TESTING|x86.ActiveCfg = Release|Any CPU
		{66777F9F-73FD-4C09-8BD0-347998E326D8}.Debug|Any CPU.ActiveCfg = Debug|Any CPU
		{66777F9F-73FD-4C09-8BD0-347998E326D8}.Debug|Any CPU.Build.0 = Debug|Any CPU
		{66777F9F-73FD-4C09-8BD0-347998E326D8}.Debug|Mixed Platforms.ActiveCfg = Debug|Any CPU
		{66777F9F-73FD-4C09-8BD0-347998E326D8}.Debug|Mixed Platforms.Build.0 = Debug|Any CPU
		{66777F9F-73FD-4C09-8BD0-347998E326D8}.Debug|x86.ActiveCfg = Debug|Any CPU
		{66777F9F-73FD-4C09-8BD0-347998E326D8}.Release|Any CPU.ActiveCfg = Release|Any CPU
		{66777F9F-73FD-4C09-8BD0-347998E326D8}.Release|Any CPU.Build.0 = Release|Any CPU
		{66777F9F-73FD-4C09-8BD0-347998E326D8}.Release|Mixed Platforms.ActiveCfg = Release|Any CPU
		{66777F9F-73FD-4C09-8BD0-347998E326D8}.Release|Mixed Platforms.Build.0 = Release|Any CPU
		{66777F9F-73FD-4C09-8BD0-347998E326D8}.Release|x86.ActiveCfg = Release|Any CPU
		{66777F9F-73FD-4C09-8BD0-347998E326D8}.Test|Any CPU.ActiveCfg = Release|Any CPU
		{66777F9F-73FD-4C09-8BD0-347998E326D8}.Test|Any CPU.Build.0 = Release|Any CPU
		{66777F9F-73FD-4C09-8BD0-347998E326D8}.Test|Mixed Platforms.ActiveCfg = Release|Any CPU
		{66777F9F-73FD-4C09-8BD0-347998E326D8}.Test|Mixed Platforms.Build.0 = Release|Any CPU
		{66777F9F-73FD-4C09-8BD0-347998E326D8}.Test|x86.ActiveCfg = Release|Any CPU
		{66777F9F-73FD-4C09-8BD0-347998E326D8}.TESTING|Any CPU.ActiveCfg = Release|Any CPU
		{66777F9F-73FD-4C09-8BD0-347998E326D8}.TESTING|Any CPU.Build.0 = Release|Any CPU
		{66777F9F-73FD-4C09-8BD0-347998E326D8}.TESTING|Mixed Platforms.ActiveCfg = Release|Any CPU
		{66777F9F-73FD-4C09-8BD0-347998E326D8}.TESTING|Mixed Platforms.Build.0 = Release|Any CPU
		{66777F9F-73FD-4C09-8BD0-347998E326D8}.TESTING|x86.ActiveCfg = Release|Any CPU
		{DF36067C-BD27-4008-B845-BEFEABF4DEAF}.Debug|Any CPU.ActiveCfg = Debug|Any CPU
		{DF36067C-BD27-4008-B845-BEFEABF4DEAF}.Debug|Any CPU.Build.0 = Debug|Any CPU
		{DF36067C-BD27-4008-B845-BEFEABF4DEAF}.Debug|Mixed Platforms.ActiveCfg = Debug|Any CPU
		{DF36067C-BD27-4008-B845-BEFEABF4DEAF}.Debug|Mixed Platforms.Build.0 = Debug|Any CPU
		{DF36067C-BD27-4008-B845-BEFEABF4DEAF}.Debug|x86.ActiveCfg = Debug|Any CPU
		{DF36067C-BD27-4008-B845-BEFEABF4DEAF}.Release|Any CPU.ActiveCfg = Release|Any CPU
		{DF36067C-BD27-4008-B845-BEFEABF4DEAF}.Release|Any CPU.Build.0 = Release|Any CPU
		{DF36067C-BD27-4008-B845-BEFEABF4DEAF}.Release|Mixed Platforms.ActiveCfg = Release|Any CPU
		{DF36067C-BD27-4008-B845-BEFEABF4DEAF}.Release|Mixed Platforms.Build.0 = Release|Any CPU
		{DF36067C-BD27-4008-B845-BEFEABF4DEAF}.Release|x86.ActiveCfg = Release|Any CPU
		{DF36067C-BD27-4008-B845-BEFEABF4DEAF}.Test|Any CPU.ActiveCfg = Release|Any CPU
		{DF36067C-BD27-4008-B845-BEFEABF4DEAF}.Test|Any CPU.Build.0 = Release|Any CPU
		{DF36067C-BD27-4008-B845-BEFEABF4DEAF}.Test|Mixed Platforms.ActiveCfg = Release|Any CPU
		{DF36067C-BD27-4008-B845-BEFEABF4DEAF}.Test|Mixed Platforms.Build.0 = Release|Any CPU
		{DF36067C-BD27-4008-B845-BEFEABF4DEAF}.Test|x86.ActiveCfg = Release|Any CPU
		{DF36067C-BD27-4008-B845-BEFEABF4DEAF}.TESTING|Any CPU.ActiveCfg = Release|Any CPU
		{DF36067C-BD27-4008-B845-BEFEABF4DEAF}.TESTING|Any CPU.Build.0 = Release|Any CPU
		{DF36067C-BD27-4008-B845-BEFEABF4DEAF}.TESTING|Mixed Platforms.ActiveCfg = Release|Any CPU
		{DF36067C-BD27-4008-B845-BEFEABF4DEAF}.TESTING|Mixed Platforms.Build.0 = Release|Any CPU
		{DF36067C-BD27-4008-B845-BEFEABF4DEAF}.TESTING|x86.ActiveCfg = Release|Any CPU
		{4824AC44-1F55-4C95-A5F2-02EAC1DF29CE}.Debug|Any CPU.ActiveCfg = Debug|Any CPU
		{4824AC44-1F55-4C95-A5F2-02EAC1DF29CE}.Debug|Any CPU.Build.0 = Debug|Any CPU
		{4824AC44-1F55-4C95-A5F2-02EAC1DF29CE}.Debug|Mixed Platforms.ActiveCfg = Debug|Any CPU
		{4824AC44-1F55-4C95-A5F2-02EAC1DF29CE}.Debug|x86.ActiveCfg = Debug|Any CPU
		{4824AC44-1F55-4C95-A5F2-02EAC1DF29CE}.Release|Any CPU.ActiveCfg = Release|Any CPU
		{4824AC44-1F55-4C95-A5F2-02EAC1DF29CE}.Release|Any CPU.Build.0 = Release|Any CPU
		{4824AC44-1F55-4C95-A5F2-02EAC1DF29CE}.Release|Mixed Platforms.ActiveCfg = Release|Any CPU
		{4824AC44-1F55-4C95-A5F2-02EAC1DF29CE}.Release|Mixed Platforms.Build.0 = Release|Any CPU
		{4824AC44-1F55-4C95-A5F2-02EAC1DF29CE}.Release|x86.ActiveCfg = Release|Any CPU
		{4824AC44-1F55-4C95-A5F2-02EAC1DF29CE}.Test|Any CPU.ActiveCfg = Release|Any CPU
		{4824AC44-1F55-4C95-A5F2-02EAC1DF29CE}.Test|Any CPU.Build.0 = Release|Any CPU
		{4824AC44-1F55-4C95-A5F2-02EAC1DF29CE}.Test|Mixed Platforms.ActiveCfg = Release|Any CPU
		{4824AC44-1F55-4C95-A5F2-02EAC1DF29CE}.Test|Mixed Platforms.Build.0 = Release|Any CPU
		{4824AC44-1F55-4C95-A5F2-02EAC1DF29CE}.Test|x86.ActiveCfg = Release|Any CPU
		{4824AC44-1F55-4C95-A5F2-02EAC1DF29CE}.TESTING|Any CPU.ActiveCfg = Release|Any CPU
		{4824AC44-1F55-4C95-A5F2-02EAC1DF29CE}.TESTING|Any CPU.Build.0 = Release|Any CPU
		{4824AC44-1F55-4C95-A5F2-02EAC1DF29CE}.TESTING|Mixed Platforms.ActiveCfg = Release|Any CPU
		{4824AC44-1F55-4C95-A5F2-02EAC1DF29CE}.TESTING|Mixed Platforms.Build.0 = Release|Any CPU
		{4824AC44-1F55-4C95-A5F2-02EAC1DF29CE}.TESTING|x86.ActiveCfg = Release|Any CPU
		{D59196C3-5653-47F6-8945-42A2635573FA}.Debug|Any CPU.ActiveCfg = Debug|Any CPU
		{D59196C3-5653-47F6-8945-42A2635573FA}.Debug|Any CPU.Build.0 = Debug|Any CPU
		{D59196C3-5653-47F6-8945-42A2635573FA}.Debug|Mixed Platforms.ActiveCfg = Debug|Any CPU
		{D59196C3-5653-47F6-8945-42A2635573FA}.Debug|Mixed Platforms.Build.0 = Debug|Any CPU
		{D59196C3-5653-47F6-8945-42A2635573FA}.Debug|x86.ActiveCfg = Debug|Any CPU
		{D59196C3-5653-47F6-8945-42A2635573FA}.Release|Any CPU.ActiveCfg = Release|Any CPU
		{D59196C3-5653-47F6-8945-42A2635573FA}.Release|Any CPU.Build.0 = Release|Any CPU
		{D59196C3-5653-47F6-8945-42A2635573FA}.Release|Mixed Platforms.ActiveCfg = Release|Any CPU
		{D59196C3-5653-47F6-8945-42A2635573FA}.Release|Mixed Platforms.Build.0 = Release|Any CPU
		{D59196C3-5653-47F6-8945-42A2635573FA}.Release|x86.ActiveCfg = Release|Any CPU
		{D59196C3-5653-47F6-8945-42A2635573FA}.Test|Any CPU.ActiveCfg = Release|Any CPU
		{D59196C3-5653-47F6-8945-42A2635573FA}.Test|Any CPU.Build.0 = Release|Any CPU
		{D59196C3-5653-47F6-8945-42A2635573FA}.Test|Mixed Platforms.ActiveCfg = Release|Any CPU
		{D59196C3-5653-47F6-8945-42A2635573FA}.Test|Mixed Platforms.Build.0 = Release|Any CPU
		{D59196C3-5653-47F6-8945-42A2635573FA}.Test|x86.ActiveCfg = Release|Any CPU
		{D59196C3-5653-47F6-8945-42A2635573FA}.TESTING|Any CPU.ActiveCfg = Release|Any CPU
		{D59196C3-5653-47F6-8945-42A2635573FA}.TESTING|Any CPU.Build.0 = Release|Any CPU
		{D59196C3-5653-47F6-8945-42A2635573FA}.TESTING|Mixed Platforms.ActiveCfg = Release|Any CPU
		{D59196C3-5653-47F6-8945-42A2635573FA}.TESTING|Mixed Platforms.Build.0 = Release|Any CPU
		{D59196C3-5653-47F6-8945-42A2635573FA}.TESTING|x86.ActiveCfg = Release|Any CPU
		{1BE838A6-8494-493A-B892-5E1D22387FCD}.Debug|Any CPU.ActiveCfg = Debug|Any CPU
		{1BE838A6-8494-493A-B892-5E1D22387FCD}.Debug|Any CPU.Build.0 = Debug|Any CPU
		{1BE838A6-8494-493A-B892-5E1D22387FCD}.Debug|Mixed Platforms.ActiveCfg = Debug|Any CPU
		{1BE838A6-8494-493A-B892-5E1D22387FCD}.Debug|x86.ActiveCfg = Debug|Any CPU
		{1BE838A6-8494-493A-B892-5E1D22387FCD}.Release|Any CPU.ActiveCfg = Release|Any CPU
		{1BE838A6-8494-493A-B892-5E1D22387FCD}.Release|Any CPU.Build.0 = Release|Any CPU
		{1BE838A6-8494-493A-B892-5E1D22387FCD}.Release|Mixed Platforms.ActiveCfg = Release|Any CPU
		{1BE838A6-8494-493A-B892-5E1D22387FCD}.Release|Mixed Platforms.Build.0 = Release|Any CPU
		{1BE838A6-8494-493A-B892-5E1D22387FCD}.Release|x86.ActiveCfg = Release|Any CPU
		{1BE838A6-8494-493A-B892-5E1D22387FCD}.Test|Any CPU.ActiveCfg = Release|Any CPU
		{1BE838A6-8494-493A-B892-5E1D22387FCD}.Test|Any CPU.Build.0 = Release|Any CPU
		{1BE838A6-8494-493A-B892-5E1D22387FCD}.Test|Mixed Platforms.ActiveCfg = Release|Any CPU
		{1BE838A6-8494-493A-B892-5E1D22387FCD}.Test|Mixed Platforms.Build.0 = Release|Any CPU
		{1BE838A6-8494-493A-B892-5E1D22387FCD}.Test|x86.ActiveCfg = Release|Any CPU
		{1BE838A6-8494-493A-B892-5E1D22387FCD}.TESTING|Any CPU.ActiveCfg = Release|Any CPU
		{1BE838A6-8494-493A-B892-5E1D22387FCD}.TESTING|Any CPU.Build.0 = Release|Any CPU
		{1BE838A6-8494-493A-B892-5E1D22387FCD}.TESTING|Mixed Platforms.ActiveCfg = Release|Any CPU
		{1BE838A6-8494-493A-B892-5E1D22387FCD}.TESTING|Mixed Platforms.Build.0 = Release|Any CPU
		{1BE838A6-8494-493A-B892-5E1D22387FCD}.TESTING|x86.ActiveCfg = Release|Any CPU
		{7A5A86BF-98FF-4486-98EE-283FB0B7A8E2}.Debug|Any CPU.ActiveCfg = Debug|Any CPU
		{7A5A86BF-98FF-4486-98EE-283FB0B7A8E2}.Debug|Any CPU.Build.0 = Debug|Any CPU
		{7A5A86BF-98FF-4486-98EE-283FB0B7A8E2}.Debug|Mixed Platforms.ActiveCfg = Debug|Any CPU
		{7A5A86BF-98FF-4486-98EE-283FB0B7A8E2}.Debug|x86.ActiveCfg = Debug|Any CPU
		{7A5A86BF-98FF-4486-98EE-283FB0B7A8E2}.Release|Any CPU.ActiveCfg = Release|Any CPU
		{7A5A86BF-98FF-4486-98EE-283FB0B7A8E2}.Release|Any CPU.Build.0 = Release|Any CPU
		{7A5A86BF-98FF-4486-98EE-283FB0B7A8E2}.Release|Mixed Platforms.ActiveCfg = Release|Any CPU
		{7A5A86BF-98FF-4486-98EE-283FB0B7A8E2}.Release|Mixed Platforms.Build.0 = Release|Any CPU
		{7A5A86BF-98FF-4486-98EE-283FB0B7A8E2}.Release|x86.ActiveCfg = Release|Any CPU
		{7A5A86BF-98FF-4486-98EE-283FB0B7A8E2}.Test|Any CPU.ActiveCfg = Release|Any CPU
		{7A5A86BF-98FF-4486-98EE-283FB0B7A8E2}.Test|Any CPU.Build.0 = Release|Any CPU
		{7A5A86BF-98FF-4486-98EE-283FB0B7A8E2}.Test|Mixed Platforms.ActiveCfg = Release|Any CPU
		{7A5A86BF-98FF-4486-98EE-283FB0B7A8E2}.Test|Mixed Platforms.Build.0 = Release|Any CPU
		{7A5A86BF-98FF-4486-98EE-283FB0B7A8E2}.Test|x86.ActiveCfg = Release|Any CPU
		{7A5A86BF-98FF-4486-98EE-283FB0B7A8E2}.TESTING|Any CPU.ActiveCfg = Release|Any CPU
		{7A5A86BF-98FF-4486-98EE-283FB0B7A8E2}.TESTING|Any CPU.Build.0 = Release|Any CPU
		{7A5A86BF-98FF-4486-98EE-283FB0B7A8E2}.TESTING|Mixed Platforms.ActiveCfg = Release|Any CPU
		{7A5A86BF-98FF-4486-98EE-283FB0B7A8E2}.TESTING|Mixed Platforms.Build.0 = Release|Any CPU
		{7A5A86BF-98FF-4486-98EE-283FB0B7A8E2}.TESTING|x86.ActiveCfg = Release|Any CPU
		{E9A0E57E-D965-4990-A8C1-E0CC9FD39078}.Debug|Any CPU.ActiveCfg = Debug|Any CPU
		{E9A0E57E-D965-4990-A8C1-E0CC9FD39078}.Debug|Any CPU.Build.0 = Debug|Any CPU
		{E9A0E57E-D965-4990-A8C1-E0CC9FD39078}.Debug|Mixed Platforms.ActiveCfg = Debug|Any CPU
		{E9A0E57E-D965-4990-A8C1-E0CC9FD39078}.Debug|Mixed Platforms.Build.0 = Debug|Any CPU
		{E9A0E57E-D965-4990-A8C1-E0CC9FD39078}.Debug|x86.ActiveCfg = Debug|Any CPU
		{E9A0E57E-D965-4990-A8C1-E0CC9FD39078}.Release|Any CPU.ActiveCfg = Release|Any CPU
		{E9A0E57E-D965-4990-A8C1-E0CC9FD39078}.Release|Any CPU.Build.0 = Release|Any CPU
		{E9A0E57E-D965-4990-A8C1-E0CC9FD39078}.Release|Mixed Platforms.ActiveCfg = Release|Any CPU
		{E9A0E57E-D965-4990-A8C1-E0CC9FD39078}.Release|Mixed Platforms.Build.0 = Release|Any CPU
		{E9A0E57E-D965-4990-A8C1-E0CC9FD39078}.Release|x86.ActiveCfg = Release|Any CPU
		{E9A0E57E-D965-4990-A8C1-E0CC9FD39078}.Test|Any CPU.ActiveCfg = Release|Any CPU
		{E9A0E57E-D965-4990-A8C1-E0CC9FD39078}.Test|Any CPU.Build.0 = Release|Any CPU
		{E9A0E57E-D965-4990-A8C1-E0CC9FD39078}.Test|Mixed Platforms.ActiveCfg = Release|Any CPU
		{E9A0E57E-D965-4990-A8C1-E0CC9FD39078}.Test|Mixed Platforms.Build.0 = Release|Any CPU
		{E9A0E57E-D965-4990-A8C1-E0CC9FD39078}.Test|x86.ActiveCfg = Release|Any CPU
		{E9A0E57E-D965-4990-A8C1-E0CC9FD39078}.TESTING|Any CPU.ActiveCfg = Release|Any CPU
		{E9A0E57E-D965-4990-A8C1-E0CC9FD39078}.TESTING|Any CPU.Build.0 = Release|Any CPU
		{E9A0E57E-D965-4990-A8C1-E0CC9FD39078}.TESTING|Mixed Platforms.ActiveCfg = Release|Any CPU
		{E9A0E57E-D965-4990-A8C1-E0CC9FD39078}.TESTING|Mixed Platforms.Build.0 = Release|Any CPU
		{E9A0E57E-D965-4990-A8C1-E0CC9FD39078}.TESTING|x86.ActiveCfg = Release|Any CPU
		{C7F6587E-F62E-4743-B87B-A3B0369FDB33}.Debug|Any CPU.ActiveCfg = Debug|Any CPU
		{C7F6587E-F62E-4743-B87B-A3B0369FDB33}.Debug|Any CPU.Build.0 = Debug|Any CPU
		{C7F6587E-F62E-4743-B87B-A3B0369FDB33}.Debug|Mixed Platforms.ActiveCfg = Debug|Any CPU
		{C7F6587E-F62E-4743-B87B-A3B0369FDB33}.Debug|Mixed Platforms.Build.0 = Debug|Any CPU
		{C7F6587E-F62E-4743-B87B-A3B0369FDB33}.Debug|x86.ActiveCfg = Debug|Any CPU
		{C7F6587E-F62E-4743-B87B-A3B0369FDB33}.Release|Any CPU.ActiveCfg = Release|Any CPU
		{C7F6587E-F62E-4743-B87B-A3B0369FDB33}.Release|Any CPU.Build.0 = Release|Any CPU
		{C7F6587E-F62E-4743-B87B-A3B0369FDB33}.Release|Mixed Platforms.ActiveCfg = Release|Any CPU
		{C7F6587E-F62E-4743-B87B-A3B0369FDB33}.Release|Mixed Platforms.Build.0 = Release|Any CPU
		{C7F6587E-F62E-4743-B87B-A3B0369FDB33}.Release|x86.ActiveCfg = Release|Any CPU
		{C7F6587E-F62E-4743-B87B-A3B0369FDB33}.Test|Any CPU.ActiveCfg = Release|Any CPU
		{C7F6587E-F62E-4743-B87B-A3B0369FDB33}.Test|Any CPU.Build.0 = Release|Any CPU
		{C7F6587E-F62E-4743-B87B-A3B0369FDB33}.Test|Mixed Platforms.ActiveCfg = Release|Any CPU
		{C7F6587E-F62E-4743-B87B-A3B0369FDB33}.Test|Mixed Platforms.Build.0 = Release|Any CPU
		{C7F6587E-F62E-4743-B87B-A3B0369FDB33}.Test|x86.ActiveCfg = Release|Any CPU
		{C7F6587E-F62E-4743-B87B-A3B0369FDB33}.TESTING|Any CPU.ActiveCfg = Release|Any CPU
		{C7F6587E-F62E-4743-B87B-A3B0369FDB33}.TESTING|Any CPU.Build.0 = Release|Any CPU
		{C7F6587E-F62E-4743-B87B-A3B0369FDB33}.TESTING|Mixed Platforms.ActiveCfg = Release|Any CPU
		{C7F6587E-F62E-4743-B87B-A3B0369FDB33}.TESTING|Mixed Platforms.Build.0 = Release|Any CPU
		{C7F6587E-F62E-4743-B87B-A3B0369FDB33}.TESTING|x86.ActiveCfg = Release|Any CPU
		{6D1AE3D8-F17B-4D05-8BC9-1F42323E7B9D}.Debug|Any CPU.ActiveCfg = Debug|Any CPU
		{6D1AE3D8-F17B-4D05-8BC9-1F42323E7B9D}.Debug|Any CPU.Build.0 = Debug|Any CPU
		{6D1AE3D8-F17B-4D05-8BC9-1F42323E7B9D}.Debug|Mixed Platforms.ActiveCfg = Debug|Any CPU
		{6D1AE3D8-F17B-4D05-8BC9-1F42323E7B9D}.Debug|Mixed Platforms.Build.0 = Debug|Any CPU
		{6D1AE3D8-F17B-4D05-8BC9-1F42323E7B9D}.Debug|x86.ActiveCfg = Debug|Any CPU
		{6D1AE3D8-F17B-4D05-8BC9-1F42323E7B9D}.Release|Any CPU.ActiveCfg = Release|Any CPU
		{6D1AE3D8-F17B-4D05-8BC9-1F42323E7B9D}.Release|Any CPU.Build.0 = Release|Any CPU
		{6D1AE3D8-F17B-4D05-8BC9-1F42323E7B9D}.Release|Mixed Platforms.ActiveCfg = Release|Any CPU
		{6D1AE3D8-F17B-4D05-8BC9-1F42323E7B9D}.Release|Mixed Platforms.Build.0 = Release|Any CPU
		{6D1AE3D8-F17B-4D05-8BC9-1F42323E7B9D}.Release|x86.ActiveCfg = Release|Any CPU
		{6D1AE3D8-F17B-4D05-8BC9-1F42323E7B9D}.Test|Any CPU.ActiveCfg = Release|Any CPU
		{6D1AE3D8-F17B-4D05-8BC9-1F42323E7B9D}.Test|Any CPU.Build.0 = Release|Any CPU
		{6D1AE3D8-F17B-4D05-8BC9-1F42323E7B9D}.Test|Mixed Platforms.ActiveCfg = Release|Any CPU
		{6D1AE3D8-F17B-4D05-8BC9-1F42323E7B9D}.Test|Mixed Platforms.Build.0 = Release|Any CPU
		{6D1AE3D8-F17B-4D05-8BC9-1F42323E7B9D}.Test|x86.ActiveCfg = Release|Any CPU
		{6D1AE3D8-F17B-4D05-8BC9-1F42323E7B9D}.TESTING|Any CPU.ActiveCfg = Release|Any CPU
		{6D1AE3D8-F17B-4D05-8BC9-1F42323E7B9D}.TESTING|Any CPU.Build.0 = Release|Any CPU
		{6D1AE3D8-F17B-4D05-8BC9-1F42323E7B9D}.TESTING|Mixed Platforms.ActiveCfg = Release|Any CPU
		{6D1AE3D8-F17B-4D05-8BC9-1F42323E7B9D}.TESTING|Mixed Platforms.Build.0 = Release|Any CPU
		{6D1AE3D8-F17B-4D05-8BC9-1F42323E7B9D}.TESTING|x86.ActiveCfg = Release|Any CPU
		{016AD2D3-03C7-484D-96EA-B1ED49BACC19}.Debug|Any CPU.ActiveCfg = Debug|Any CPU
		{016AD2D3-03C7-484D-96EA-B1ED49BACC19}.Debug|Any CPU.Build.0 = Debug|Any CPU
		{016AD2D3-03C7-484D-96EA-B1ED49BACC19}.Debug|Mixed Platforms.ActiveCfg = Debug|Any CPU
		{016AD2D3-03C7-484D-96EA-B1ED49BACC19}.Debug|Mixed Platforms.Build.0 = Debug|Any CPU
		{016AD2D3-03C7-484D-96EA-B1ED49BACC19}.Debug|x86.ActiveCfg = Debug|Any CPU
		{016AD2D3-03C7-484D-96EA-B1ED49BACC19}.Release|Any CPU.ActiveCfg = Release|Any CPU
		{016AD2D3-03C7-484D-96EA-B1ED49BACC19}.Release|Any CPU.Build.0 = Release|Any CPU
		{016AD2D3-03C7-484D-96EA-B1ED49BACC19}.Release|Mixed Platforms.ActiveCfg = Release|Any CPU
		{016AD2D3-03C7-484D-96EA-B1ED49BACC19}.Release|Mixed Platforms.Build.0 = Release|Any CPU
		{016AD2D3-03C7-484D-96EA-B1ED49BACC19}.Release|x86.ActiveCfg = Release|Any CPU
		{016AD2D3-03C7-484D-96EA-B1ED49BACC19}.Test|Any CPU.ActiveCfg = Release|Any CPU
		{016AD2D3-03C7-484D-96EA-B1ED49BACC19}.Test|Any CPU.Build.0 = Release|Any CPU
		{016AD2D3-03C7-484D-96EA-B1ED49BACC19}.Test|Mixed Platforms.ActiveCfg = Release|Any CPU
		{016AD2D3-03C7-484D-96EA-B1ED49BACC19}.Test|Mixed Platforms.Build.0 = Release|Any CPU
		{016AD2D3-03C7-484D-96EA-B1ED49BACC19}.Test|x86.ActiveCfg = Release|Any CPU
		{016AD2D3-03C7-484D-96EA-B1ED49BACC19}.TESTING|Any CPU.ActiveCfg = Release|Any CPU
		{016AD2D3-03C7-484D-96EA-B1ED49BACC19}.TESTING|Any CPU.Build.0 = Release|Any CPU
		{016AD2D3-03C7-484D-96EA-B1ED49BACC19}.TESTING|Mixed Platforms.ActiveCfg = Release|Any CPU
		{016AD2D3-03C7-484D-96EA-B1ED49BACC19}.TESTING|Mixed Platforms.Build.0 = Release|Any CPU
		{016AD2D3-03C7-484D-96EA-B1ED49BACC19}.TESTING|x86.ActiveCfg = Release|Any CPU
		{1CC61FE6-4E96-4790-8709-49B9B0DC39D4}.Debug|Any CPU.ActiveCfg = Debug|Any CPU
		{1CC61FE6-4E96-4790-8709-49B9B0DC39D4}.Debug|Any CPU.Build.0 = Debug|Any CPU
		{1CC61FE6-4E96-4790-8709-49B9B0DC39D4}.Debug|Mixed Platforms.ActiveCfg = Debug|Any CPU
		{1CC61FE6-4E96-4790-8709-49B9B0DC39D4}.Debug|Mixed Platforms.Build.0 = Debug|Any CPU
		{1CC61FE6-4E96-4790-8709-49B9B0DC39D4}.Debug|x86.ActiveCfg = Debug|Any CPU
		{1CC61FE6-4E96-4790-8709-49B9B0DC39D4}.Release|Any CPU.ActiveCfg = Release|Any CPU
		{1CC61FE6-4E96-4790-8709-49B9B0DC39D4}.Release|Any CPU.Build.0 = Release|Any CPU
		{1CC61FE6-4E96-4790-8709-49B9B0DC39D4}.Release|Mixed Platforms.ActiveCfg = Release|Any CPU
		{1CC61FE6-4E96-4790-8709-49B9B0DC39D4}.Release|Mixed Platforms.Build.0 = Release|Any CPU
		{1CC61FE6-4E96-4790-8709-49B9B0DC39D4}.Release|x86.ActiveCfg = Release|Any CPU
		{1CC61FE6-4E96-4790-8709-49B9B0DC39D4}.Test|Any CPU.ActiveCfg = Release|Any CPU
		{1CC61FE6-4E96-4790-8709-49B9B0DC39D4}.Test|Any CPU.Build.0 = Release|Any CPU
		{1CC61FE6-4E96-4790-8709-49B9B0DC39D4}.Test|Mixed Platforms.ActiveCfg = Release|Any CPU
		{1CC61FE6-4E96-4790-8709-49B9B0DC39D4}.Test|Mixed Platforms.Build.0 = Release|Any CPU
		{1CC61FE6-4E96-4790-8709-49B9B0DC39D4}.Test|x86.ActiveCfg = Release|Any CPU
		{1CC61FE6-4E96-4790-8709-49B9B0DC39D4}.TESTING|Any CPU.ActiveCfg = Release|Any CPU
		{1CC61FE6-4E96-4790-8709-49B9B0DC39D4}.TESTING|Any CPU.Build.0 = Release|Any CPU
		{1CC61FE6-4E96-4790-8709-49B9B0DC39D4}.TESTING|Mixed Platforms.ActiveCfg = Release|Any CPU
		{1CC61FE6-4E96-4790-8709-49B9B0DC39D4}.TESTING|Mixed Platforms.Build.0 = Release|Any CPU
		{1CC61FE6-4E96-4790-8709-49B9B0DC39D4}.TESTING|x86.ActiveCfg = Release|Any CPU
		{667039A1-F92A-40EB-B430-790F9502BC12}.Debug|Any CPU.ActiveCfg = Debug|Any CPU
		{667039A1-F92A-40EB-B430-790F9502BC12}.Debug|Any CPU.Build.0 = Debug|Any CPU
		{667039A1-F92A-40EB-B430-790F9502BC12}.Debug|Mixed Platforms.ActiveCfg = Debug|Any CPU
		{667039A1-F92A-40EB-B430-790F9502BC12}.Debug|Mixed Platforms.Build.0 = Debug|Any CPU
		{667039A1-F92A-40EB-B430-790F9502BC12}.Debug|x86.ActiveCfg = Debug|Any CPU
		{667039A1-F92A-40EB-B430-790F9502BC12}.Release|Any CPU.ActiveCfg = Release|Any CPU
		{667039A1-F92A-40EB-B430-790F9502BC12}.Release|Any CPU.Build.0 = Release|Any CPU
		{667039A1-F92A-40EB-B430-790F9502BC12}.Release|Mixed Platforms.ActiveCfg = Release|Any CPU
		{667039A1-F92A-40EB-B430-790F9502BC12}.Release|Mixed Platforms.Build.0 = Release|Any CPU
		{667039A1-F92A-40EB-B430-790F9502BC12}.Release|x86.ActiveCfg = Release|Any CPU
		{667039A1-F92A-40EB-B430-790F9502BC12}.Test|Any CPU.ActiveCfg = Release|Any CPU
		{667039A1-F92A-40EB-B430-790F9502BC12}.Test|Any CPU.Build.0 = Release|Any CPU
		{667039A1-F92A-40EB-B430-790F9502BC12}.Test|Mixed Platforms.ActiveCfg = Release|Any CPU
		{667039A1-F92A-40EB-B430-790F9502BC12}.Test|Mixed Platforms.Build.0 = Release|Any CPU
		{667039A1-F92A-40EB-B430-790F9502BC12}.Test|x86.ActiveCfg = Release|Any CPU
		{667039A1-F92A-40EB-B430-790F9502BC12}.TESTING|Any CPU.ActiveCfg = Release|Any CPU
		{667039A1-F92A-40EB-B430-790F9502BC12}.TESTING|Any CPU.Build.0 = Release|Any CPU
		{667039A1-F92A-40EB-B430-790F9502BC12}.TESTING|Mixed Platforms.ActiveCfg = Release|Any CPU
		{667039A1-F92A-40EB-B430-790F9502BC12}.TESTING|Mixed Platforms.Build.0 = Release|Any CPU
		{667039A1-F92A-40EB-B430-790F9502BC12}.TESTING|x86.ActiveCfg = Release|Any CPU
		{3526564B-AADF-4CD7-8E47-4747C4B3D7BC}.Debug|Any CPU.ActiveCfg = Debug|Any CPU
		{3526564B-AADF-4CD7-8E47-4747C4B3D7BC}.Debug|Any CPU.Build.0 = Debug|Any CPU
		{3526564B-AADF-4CD7-8E47-4747C4B3D7BC}.Debug|Mixed Platforms.ActiveCfg = Debug|Any CPU
		{3526564B-AADF-4CD7-8E47-4747C4B3D7BC}.Debug|Mixed Platforms.Build.0 = Debug|Any CPU
		{3526564B-AADF-4CD7-8E47-4747C4B3D7BC}.Debug|x86.ActiveCfg = Debug|Any CPU
		{3526564B-AADF-4CD7-8E47-4747C4B3D7BC}.Release|Any CPU.ActiveCfg = Release|Any CPU
		{3526564B-AADF-4CD7-8E47-4747C4B3D7BC}.Release|Any CPU.Build.0 = Release|Any CPU
		{3526564B-AADF-4CD7-8E47-4747C4B3D7BC}.Release|Mixed Platforms.ActiveCfg = Release|Any CPU
		{3526564B-AADF-4CD7-8E47-4747C4B3D7BC}.Release|Mixed Platforms.Build.0 = Release|Any CPU
		{3526564B-AADF-4CD7-8E47-4747C4B3D7BC}.Release|x86.ActiveCfg = Release|Any CPU
		{3526564B-AADF-4CD7-8E47-4747C4B3D7BC}.Test|Any CPU.ActiveCfg = Release|Any CPU
		{3526564B-AADF-4CD7-8E47-4747C4B3D7BC}.Test|Any CPU.Build.0 = Release|Any CPU
		{3526564B-AADF-4CD7-8E47-4747C4B3D7BC}.Test|Mixed Platforms.ActiveCfg = Release|Any CPU
		{3526564B-AADF-4CD7-8E47-4747C4B3D7BC}.Test|Mixed Platforms.Build.0 = Release|Any CPU
		{3526564B-AADF-4CD7-8E47-4747C4B3D7BC}.Test|x86.ActiveCfg = Release|Any CPU
		{3526564B-AADF-4CD7-8E47-4747C4B3D7BC}.TESTING|Any CPU.ActiveCfg = Release|Any CPU
		{3526564B-AADF-4CD7-8E47-4747C4B3D7BC}.TESTING|Any CPU.Build.0 = Release|Any CPU
		{3526564B-AADF-4CD7-8E47-4747C4B3D7BC}.TESTING|Mixed Platforms.ActiveCfg = Release|Any CPU
		{3526564B-AADF-4CD7-8E47-4747C4B3D7BC}.TESTING|Mixed Platforms.Build.0 = Release|Any CPU
		{3526564B-AADF-4CD7-8E47-4747C4B3D7BC}.TESTING|x86.ActiveCfg = Release|Any CPU
		{44B3347B-D39F-4230-8673-62A357D3C7B7}.Debug|Any CPU.ActiveCfg = Debug|x86
		{44B3347B-D39F-4230-8673-62A357D3C7B7}.Debug|Mixed Platforms.ActiveCfg = Debug|x86
		{44B3347B-D39F-4230-8673-62A357D3C7B7}.Debug|Mixed Platforms.Build.0 = Debug|x86
		{44B3347B-D39F-4230-8673-62A357D3C7B7}.Debug|x86.ActiveCfg = Debug|x86
		{44B3347B-D39F-4230-8673-62A357D3C7B7}.Debug|x86.Build.0 = Debug|x86
		{44B3347B-D39F-4230-8673-62A357D3C7B7}.Release|Any CPU.ActiveCfg = Release|x86
		{44B3347B-D39F-4230-8673-62A357D3C7B7}.Release|Mixed Platforms.ActiveCfg = Release|x86
		{44B3347B-D39F-4230-8673-62A357D3C7B7}.Release|Mixed Platforms.Build.0 = Release|x86
		{44B3347B-D39F-4230-8673-62A357D3C7B7}.Release|x86.ActiveCfg = Release|x86
		{44B3347B-D39F-4230-8673-62A357D3C7B7}.Release|x86.Build.0 = Release|x86
		{44B3347B-D39F-4230-8673-62A357D3C7B7}.Test|Any CPU.ActiveCfg = Release|x86
		{44B3347B-D39F-4230-8673-62A357D3C7B7}.Test|Mixed Platforms.ActiveCfg = Release|x86
		{44B3347B-D39F-4230-8673-62A357D3C7B7}.Test|Mixed Platforms.Build.0 = Release|x86
		{44B3347B-D39F-4230-8673-62A357D3C7B7}.Test|x86.ActiveCfg = Release|x86
		{44B3347B-D39F-4230-8673-62A357D3C7B7}.Test|x86.Build.0 = Release|x86
		{44B3347B-D39F-4230-8673-62A357D3C7B7}.TESTING|Any CPU.ActiveCfg = Release|x86
		{44B3347B-D39F-4230-8673-62A357D3C7B7}.TESTING|Mixed Platforms.ActiveCfg = Release|x86
		{44B3347B-D39F-4230-8673-62A357D3C7B7}.TESTING|Mixed Platforms.Build.0 = Release|x86
		{44B3347B-D39F-4230-8673-62A357D3C7B7}.TESTING|x86.ActiveCfg = Release|x86
		{44B3347B-D39F-4230-8673-62A357D3C7B7}.TESTING|x86.Build.0 = Release|x86
	EndGlobalSection
	GlobalSection(SolutionProperties) = preSolution
		HideSolutionNode = FALSE
	EndGlobalSection
	GlobalSection(NestedProjects) = preSolution
		{7DA1977F-5E86-45B0-92EB-493F5354B84A} = {CEBC095C-B2E8-4329-9ED5-15417711FB0B}
		{5C7627C0-CD9C-4270-98AA-028F43503308} = {CEBC095C-B2E8-4329-9ED5-15417711FB0B}
		{44B3347B-D39F-4230-8673-62A357D3C7B7} = {CEBC095C-B2E8-4329-9ED5-15417711FB0B}
		{59616C3A-66A9-4C8E-8337-5737A500AADB} = {38E3130A-387E-433B-BAB9-0719AEA0C40B}
		{66777F9F-73FD-4C09-8BD0-347998E326D8} = {38E3130A-387E-433B-BAB9-0719AEA0C40B}
		{D59196C3-5653-47F6-8945-42A2635573FA} = {38E3130A-387E-433B-BAB9-0719AEA0C40B}
		{7A5A86BF-98FF-4486-98EE-283FB0B7A8E2} = {38E3130A-387E-433B-BAB9-0719AEA0C40B}
		{1CC61FE6-4E96-4790-8709-49B9B0DC39D4} = {38E3130A-387E-433B-BAB9-0719AEA0C40B}
		{1BE838A6-8494-493A-B892-5E1D22387FCD} = {DF5F6659-7979-4CD9-A99D-73586BD432A7}
		{E9A0E57E-D965-4990-A8C1-E0CC9FD39078} = {DF5F6659-7979-4CD9-A99D-73586BD432A7}
		{C7F6587E-F62E-4743-B87B-A3B0369FDB33} = {DF5F6659-7979-4CD9-A99D-73586BD432A7}
		{6D1AE3D8-F17B-4D05-8BC9-1F42323E7B9D} = {DF5F6659-7979-4CD9-A99D-73586BD432A7}
		{016AD2D3-03C7-484D-96EA-B1ED49BACC19} = {DF5F6659-7979-4CD9-A99D-73586BD432A7}
		{3526564B-AADF-4CD7-8E47-4747C4B3D7BC} = {DF5F6659-7979-4CD9-A99D-73586BD432A7}
	EndGlobalSection
EndGlobal
